// !$*UTF8*$!
{
	archiveVersion = 1;
	classes = {
	};
	objectVersion = 50;
	objects = {

/* Begin PBXBuildFile section */
		AE53F5C9242DEA0E005F9FC3 /* FirstAidViewController.swift in Sources */ = {isa = PBXBuildFile; fileRef = AE53F5C8242DEA0E005F9FC3 /* FirstAidViewController.swift */; };
		AE53F5CB242DEA33005F9FC3 /* SiteCell.swift in Sources */ = {isa = PBXBuildFile; fileRef = AE53F5CA242DEA33005F9FC3 /* SiteCell.swift */; };
		AE53F5D5242DF1A3005F9FC3 /* burns.png in Resources */ = {isa = PBXBuildFile; fileRef = AE53F5CD242DF1A3005F9FC3 /* burns.png */; };
		AE53F5D6242DF1A3005F9FC3 /* resuscitation.png in Resources */ = {isa = PBXBuildFile; fileRef = AE53F5CE242DF1A3005F9FC3 /* resuscitation.png */; };
		AE53F5D8242DF1A3005F9FC3 /* bleeding.png in Resources */ = {isa = PBXBuildFile; fileRef = AE53F5D0242DF1A3005F9FC3 /* bleeding.png */; };
		AE53F5D9242DF1A3005F9FC3 /* eyeinjury.png in Resources */ = {isa = PBXBuildFile; fileRef = AE53F5D1242DF1A3005F9FC3 /* eyeinjury.png */; };
		AE53F5DA242DF1A3005F9FC3 /* choking.png in Resources */ = {isa = PBXBuildFile; fileRef = AE53F5D2242DF1A3005F9FC3 /* choking.png */; };
		AE53F5DB242DF1A3005F9FC3 /* convulsions.png in Resources */ = {isa = PBXBuildFile; fileRef = AE53F5D3242DF1A3005F9FC3 /* convulsions.png */; };
		AE53F5E1242DFB49005F9FC3 /* WebKit.framework in Frameworks */ = {isa = PBXBuildFile; fileRef = AE53F5E0242DFB49005F9FC3 /* WebKit.framework */; };
		AE53F5E3242DFB73005F9FC3 /* ViewSiteViewController.swift in Sources */ = {isa = PBXBuildFile; fileRef = AE53F5E2242DFB73005F9FC3 /* ViewSiteViewController.swift */; };
		AEA0D275242E682C001D0CF9 /* HomePageViewController.swift in Sources */ = {isa = PBXBuildFile; fileRef = AEA0D274242E682C001D0CF9 /* HomePageViewController.swift */; };
		AEA0D27A242E6DC8001D0CF9 /* Data.swift in Sources */ = {isa = PBXBuildFile; fileRef = AEA0D279242E6DC8001D0CF9 /* Data.swift */; };
		AEA0D27D242E72E4001D0CF9 /* libsqlite3.tbd in Frameworks */ = {isa = PBXBuildFile; fileRef = AEA0D27B242E72E4001D0CF9 /* libsqlite3.tbd */; };
		AEA0D27E242E72E4001D0CF9 /* libsqlite3.0.tbd in Frameworks */ = {isa = PBXBuildFile; fileRef = AEA0D27C242E72E4001D0CF9 /* libsqlite3.0.tbd */; };
		AEA0D280242E7897001D0CF9 /* RegisterViewController.swift in Sources */ = {isa = PBXBuildFile; fileRef = AEA0D27F242E7897001D0CF9 /* RegisterViewController.swift */; };
		AEA0D289242E863E001D0CF9 /* PetAssistDB.db in Resources */ = {isa = PBXBuildFile; fileRef = AEA0D288242E863E001D0CF9 /* PetAssistDB.db */; };
		AEA0D28B242FF284001D0CF9 /* TutorialsViewController.swift in Sources */ = {isa = PBXBuildFile; fileRef = AEA0D28A242FF284001D0CF9 /* TutorialsViewController.swift */; };
		AEA0D28D242FF454001D0CF9 /* TrainingPickerViewController.swift in Sources */ = {isa = PBXBuildFile; fileRef = AEA0D28C242FF454001D0CF9 /* TrainingPickerViewController.swift */; };
		AEABA0382418116200733848 /* AppDelegate.swift in Sources */ = {isa = PBXBuildFile; fileRef = AEABA0372418116200733848 /* AppDelegate.swift */; };
		AEABA03A2418116200733848 /* ViewController.swift in Sources */ = {isa = PBXBuildFile; fileRef = AEABA0392418116200733848 /* ViewController.swift */; };
		AEABA03D2418116200733848 /* Main.storyboard in Resources */ = {isa = PBXBuildFile; fileRef = AEABA03B2418116200733848 /* Main.storyboard */; };
		AEABA03F2418116600733848 /* Assets.xcassets in Resources */ = {isa = PBXBuildFile; fileRef = AEABA03E2418116600733848 /* Assets.xcassets */; };
		AEABA0422418116600733848 /* LaunchScreen.storyboard in Resources */ = {isa = PBXBuildFile; fileRef = AEABA0402418116600733848 /* LaunchScreen.storyboard */; };
		AEABA0E1242A878000733848 /* petBg.jpg in Resources */ = {isa = PBXBuildFile; fileRef = AEABA0E0242A878000733848 /* petBg.jpg */; };
/* End PBXBuildFile section */

/* Begin PBXFileReference section */
		AE53F5C8242DEA0E005F9FC3 /* FirstAidViewController.swift */ = {isa = PBXFileReference; lastKnownFileType = sourcecode.swift; path = FirstAidViewController.swift; sourceTree = "<group>"; };
		AE53F5CA242DEA33005F9FC3 /* SiteCell.swift */ = {isa = PBXFileReference; fileEncoding = 4; lastKnownFileType = sourcecode.swift; path = SiteCell.swift; sourceTree = "<group>"; };
		AE53F5CD242DF1A3005F9FC3 /* burns.png */ = {isa = PBXFileReference; lastKnownFileType = image.png; path = burns.png; sourceTree = "<group>"; };
		AE53F5CE242DF1A3005F9FC3 /* resuscitation.png */ = {isa = PBXFileReference; lastKnownFileType = image.png; path = resuscitation.png; sourceTree = "<group>"; };
		AE53F5D0242DF1A3005F9FC3 /* bleeding.png */ = {isa = PBXFileReference; lastKnownFileType = image.png; path = bleeding.png; sourceTree = "<group>"; };
		AE53F5D1242DF1A3005F9FC3 /* eyeinjury.png */ = {isa = PBXFileReference; lastKnownFileType = image.png; path = eyeinjury.png; sourceTree = "<group>"; };
		AE53F5D2242DF1A3005F9FC3 /* choking.png */ = {isa = PBXFileReference; lastKnownFileType = image.png; path = choking.png; sourceTree = "<group>"; };
		AE53F5D3242DF1A3005F9FC3 /* convulsions.png */ = {isa = PBXFileReference; lastKnownFileType = image.png; path = convulsions.png; sourceTree = "<group>"; };
		AE53F5E0242DFB49005F9FC3 /* WebKit.framework */ = {isa = PBXFileReference; lastKnownFileType = wrapper.framework; name = WebKit.framework; path = System/Library/Frameworks/WebKit.framework; sourceTree = SDKROOT; };
		AE53F5E2242DFB73005F9FC3 /* ViewSiteViewController.swift */ = {isa = PBXFileReference; lastKnownFileType = sourcecode.swift; path = ViewSiteViewController.swift; sourceTree = "<group>"; };
		AEA0D274242E682C001D0CF9 /* HomePageViewController.swift */ = {isa = PBXFileReference; lastKnownFileType = sourcecode.swift; path = HomePageViewController.swift; sourceTree = "<group>"; };
		AEA0D279242E6DC8001D0CF9 /* Data.swift */ = {isa = PBXFileReference; lastKnownFileType = sourcecode.swift; path = Data.swift; sourceTree = "<group>"; };
		AEA0D27B242E72E4001D0CF9 /* libsqlite3.tbd */ = {isa = PBXFileReference; lastKnownFileType = "sourcecode.text-based-dylib-definition"; name = libsqlite3.tbd; path = usr/lib/libsqlite3.tbd; sourceTree = SDKROOT; };
		AEA0D27C242E72E4001D0CF9 /* libsqlite3.0.tbd */ = {isa = PBXFileReference; lastKnownFileType = "sourcecode.text-based-dylib-definition"; name = libsqlite3.0.tbd; path = usr/lib/libsqlite3.0.tbd; sourceTree = SDKROOT; };
		AEA0D27F242E7897001D0CF9 /* RegisterViewController.swift */ = {isa = PBXFileReference; lastKnownFileType = sourcecode.swift; path = RegisterViewController.swift; sourceTree = "<group>"; };
		AEA0D288242E863E001D0CF9 /* PetAssistDB.db */ = {isa = PBXFileReference; lastKnownFileType = file; path = PetAssistDB.db; sourceTree = "<group>"; };
		AEA0D28A242FF284001D0CF9 /* TutorialsViewController.swift */ = {isa = PBXFileReference; lastKnownFileType = sourcecode.swift; path = TutorialsViewController.swift; sourceTree = "<group>"; };
		AEA0D28C242FF454001D0CF9 /* TrainingPickerViewController.swift */ = {isa = PBXFileReference; lastKnownFileType = sourcecode.swift; path = TrainingPickerViewController.swift; sourceTree = "<group>"; };
		AEABA0342418116200733848 /* PetAssist.app */ = {isa = PBXFileReference; explicitFileType = wrapper.application; includeInIndex = 0; path = PetAssist.app; sourceTree = BUILT_PRODUCTS_DIR; };
		AEABA0372418116200733848 /* AppDelegate.swift */ = {isa = PBXFileReference; lastKnownFileType = sourcecode.swift; path = AppDelegate.swift; sourceTree = "<group>"; };
		AEABA0392418116200733848 /* ViewController.swift */ = {isa = PBXFileReference; lastKnownFileType = sourcecode.swift; path = ViewController.swift; sourceTree = "<group>"; };
		AEABA03C2418116200733848 /* Base */ = {isa = PBXFileReference; lastKnownFileType = file.storyboard; name = Base; path = Base.lproj/Main.storyboard; sourceTree = "<group>"; };
		AEABA03E2418116600733848 /* Assets.xcassets */ = {isa = PBXFileReference; lastKnownFileType = folder.assetcatalog; path = Assets.xcassets; sourceTree = "<group>"; };
		AEABA0412418116600733848 /* Base */ = {isa = PBXFileReference; lastKnownFileType = file.storyboard; name = Base; path = Base.lproj/LaunchScreen.storyboard; sourceTree = "<group>"; };
		AEABA0432418116600733848 /* Info.plist */ = {isa = PBXFileReference; lastKnownFileType = text.plist.xml; path = Info.plist; sourceTree = "<group>"; };
		AEABA0E0242A878000733848 /* petBg.jpg */ = {isa = PBXFileReference; lastKnownFileType = image.jpeg; name = petBg.jpg; path = "../../../../../Downloads/PetAssist Project/Images/petBg.jpg"; sourceTree = "<group>"; };
/* End PBXFileReference section */

/* Begin PBXFrameworksBuildPhase section */
		AEABA0312418116200733848 /* Frameworks */ = {
			isa = PBXFrameworksBuildPhase;
			buildActionMask = 2147483647;
			files = (
				AEA0D27D242E72E4001D0CF9 /* libsqlite3.tbd in Frameworks */,
				AEA0D27E242E72E4001D0CF9 /* libsqlite3.0.tbd in Frameworks */,
				AE53F5E1242DFB49005F9FC3 /* WebKit.framework in Frameworks */,
			);
			runOnlyForDeploymentPostprocessing = 0;
		};
/* End PBXFrameworksBuildPhase section */

/* Begin PBXGroup section */
		AE53F5CC242DF18D005F9FC3 /* Images */ = {
			isa = PBXGroup;
			children = (
				AE53F5D1242DF1A3005F9FC3 /* eyeinjury.png */,
				AE53F5CD242DF1A3005F9FC3 /* burns.png */,
				AE53F5D2242DF1A3005F9FC3 /* choking.png */,
				AE53F5D0242DF1A3005F9FC3 /* bleeding.png */,
				AE53F5CE242DF1A3005F9FC3 /* resuscitation.png */,
				AE53F5D3242DF1A3005F9FC3 /* convulsions.png */,
			);
			path = Images;
			sourceTree = "<group>";
		};
		AE53F5DF242DFB49005F9FC3 /* Frameworks */ = {
			isa = PBXGroup;
			children = (
				AEA0D27C242E72E4001D0CF9 /* libsqlite3.0.tbd */,
				AEA0D27B242E72E4001D0CF9 /* libsqlite3.tbd */,
				AE53F5E0242DFB49005F9FC3 /* WebKit.framework */,
			);
			name = Frameworks;
			sourceTree = "<group>";
		};
		AEA0D276242E6B58001D0CF9 /* Database */ = {
			isa = PBXGroup;
			children = (
				AEA0D288242E863E001D0CF9 /* PetAssistDB.db */,
			);
			path = Database;
			sourceTree = "<group>";
		};
		AEABA02B2418116200733848 = {
			isa = PBXGroup;
			children = (
				AEABA0362418116200733848 /* PetAssist */,
				AEABA0352418116200733848 /* Products */,
				AE53F5DF242DFB49005F9FC3 /* Frameworks */,
			);
			sourceTree = "<group>";
		};
		AEABA0352418116200733848 /* Products */ = {
			isa = PBXGroup;
			children = (
				AEABA0342418116200733848 /* PetAssist.app */,
			);
			name = Products;
			sourceTree = "<group>";
		};
		AEABA0362418116200733848 /* PetAssist */ = {
			isa = PBXGroup;
			children = (
				AEA0D276242E6B58001D0CF9 /* Database */,
				AE53F5CC242DF18D005F9FC3 /* Images */,
				AEABA04C2418169700733848 /* ViewControllers */,
				AEABA04B2418167000733848 /* Classes */,
				AEABA04A2418166600733848 /* Storyboards */,
				AEABA0492418164800733848 /* Media */,
				AEABA03E2418116600733848 /* Assets.xcassets */,
				AEABA0432418116600733848 /* Info.plist */,
			);
			path = PetAssist;
			sourceTree = "<group>";
		};
		AEABA0492418164800733848 /* Media */ = {
			isa = PBXGroup;
			children = (
				AEABA0E0242A878000733848 /* petBg.jpg */,
			);
			path = Media;
			sourceTree = "<group>";
		};
		AEABA04A2418166600733848 /* Storyboards */ = {
			isa = PBXGroup;
			children = (
				AEABA0402418116600733848 /* LaunchScreen.storyboard */,
				AEABA03B2418116200733848 /* Main.storyboard */,
			);
			path = Storyboards;
			sourceTree = "<group>";
		};
		AEABA04B2418167000733848 /* Classes */ = {
			isa = PBXGroup;
			children = (
				AE53F5CA242DEA33005F9FC3 /* SiteCell.swift */,
				AEABA0372418116200733848 /* AppDelegate.swift */,
				AEA0D279242E6DC8001D0CF9 /* Data.swift */,
			);
			path = Classes;
			sourceTree = "<group>";
		};
		AEABA04C2418169700733848 /* ViewControllers */ = {
			isa = PBXGroup;
			children = (
				AEABA0392418116200733848 /* ViewController.swift */,
				AE53F5C8242DEA0E005F9FC3 /* FirstAidViewController.swift */,
				AE53F5E2242DFB73005F9FC3 /* ViewSiteViewController.swift */,
				AEA0D274242E682C001D0CF9 /* HomePageViewController.swift */,
				AEA0D27F242E7897001D0CF9 /* RegisterViewController.swift */,
				AEA0D28A242FF284001D0CF9 /* TutorialsViewController.swift */,
				AEA0D28C242FF454001D0CF9 /* TrainingPickerViewController.swift */,
			);
			path = ViewControllers;
			sourceTree = "<group>";
		};
/* End PBXGroup section */

/* Begin PBXNativeTarget section */
		AEABA0332418116200733848 /* PetAssist */ = {
			isa = PBXNativeTarget;
			buildConfigurationList = AEABA0462418116600733848 /* Build configuration list for PBXNativeTarget "PetAssist" */;
			buildPhases = (
				AEABA0302418116200733848 /* Sources */,
				AEABA0312418116200733848 /* Frameworks */,
				AEABA0322418116200733848 /* Resources */,
			);
			buildRules = (
			);
			dependencies = (
			);
			name = PetAssist;
			productName = PetAssist;
			productReference = AEABA0342418116200733848 /* PetAssist.app */;
			productType = "com.apple.product-type.application";
		};
/* End PBXNativeTarget section */

/* Begin PBXProject section */
		AEABA02C2418116200733848 /* Project object */ = {
			isa = PBXProject;
			attributes = {
				LastSwiftUpdateCheck = 1030;
				LastUpgradeCheck = 1030;
				ORGANIZATIONNAME = "Taranpreet Singh Yu Zhang";
				TargetAttributes = {
					AEABA0332418116200733848 = {
						CreatedOnToolsVersion = 10.3;
					};
				};
			};
			buildConfigurationList = AEABA02F2418116200733848 /* Build configuration list for PBXProject "PetAssist" */;
			compatibilityVersion = "Xcode 9.3";
			developmentRegion = en;
			hasScannedForEncodings = 0;
			knownRegions = (
				en,
				Base,
			);
			mainGroup = AEABA02B2418116200733848;
			productRefGroup = AEABA0352418116200733848 /* Products */;
			projectDirPath = "";
			projectRoot = "";
			targets = (
				AEABA0332418116200733848 /* PetAssist */,
			);
		};
/* End PBXProject section */

/* Begin PBXResourcesBuildPhase section */
		AEABA0322418116200733848 /* Resources */ = {
			isa = PBXResourcesBuildPhase;
			buildActionMask = 2147483647;
			files = (
				AEA0D289242E863E001D0CF9 /* PetAssistDB.db in Resources */,
				AE53F5D8242DF1A3005F9FC3 /* bleeding.png in Resources */,
				AE53F5DA242DF1A3005F9FC3 /* choking.png in Resources */,
				AEABA0422418116600733848 /* LaunchScreen.storyboard in Resources */,
				AE53F5D9242DF1A3005F9FC3 /* eyeinjury.png in Resources */,
				AE53F5D5242DF1A3005F9FC3 /* burns.png in Resources */,
				AE53F5D6242DF1A3005F9FC3 /* resuscitation.png in Resources */,
				AEABA03F2418116600733848 /* Assets.xcassets in Resources */,
				AE53F5DB242DF1A3005F9FC3 /* convulsions.png in Resources */,
				AEABA0E1242A878000733848 /* petBg.jpg in Resources */,
				AEABA03D2418116200733848 /* Main.storyboard in Resources */,
			);
			runOnlyForDeploymentPostprocessing = 0;
		};
/* End PBXResourcesBuildPhase section */

/* Begin PBXSourcesBuildPhase section */
		AEABA0302418116200733848 /* Sources */ = {
			isa = PBXSourcesBuildPhase;
			buildActionMask = 2147483647;
			files = (
				AEA0D28D242FF454001D0CF9 /* TrainingPickerViewController.swift in Sources */,
				AEA0D27A242E6DC8001D0CF9 /* Data.swift in Sources */,
				AEABA03A2418116200733848 /* ViewController.swift in Sources */,
				AE53F5C9242DEA0E005F9FC3 /* FirstAidViewController.swift in Sources */,
				AEA0D280242E7897001D0CF9 /* RegisterViewController.swift in Sources */,
				AEA0D275242E682C001D0CF9 /* HomePageViewController.swift in Sources */,
				AE53F5CB242DEA33005F9FC3 /* SiteCell.swift in Sources */,
				AEA0D28B242FF284001D0CF9 /* TutorialsViewController.swift in Sources */,
				AEABA0382418116200733848 /* AppDelegate.swift in Sources */,
				AE53F5E3242DFB73005F9FC3 /* ViewSiteViewController.swift in Sources */,
			);
			runOnlyForDeploymentPostprocessing = 0;
		};
/* End PBXSourcesBuildPhase section */

/* Begin PBXVariantGroup section */
		AEABA03B2418116200733848 /* Main.storyboard */ = {
			isa = PBXVariantGroup;
			children = (
				AEABA03C2418116200733848 /* Base */,
			);
			name = Main.storyboard;
			sourceTree = "<group>";
		};
		AEABA0402418116600733848 /* LaunchScreen.storyboard */ = {
			isa = PBXVariantGroup;
			children = (
				AEABA0412418116600733848 /* Base */,
			);
			name = LaunchScreen.storyboard;
			sourceTree = "<group>";
		};
/* End PBXVariantGroup section */

/* Begin XCBuildConfiguration section */
		AEABA0442418116600733848 /* Debug */ = {
			isa = XCBuildConfiguration;
			buildSettings = {
				ALWAYS_SEARCH_USER_PATHS = NO;
				CLANG_ANALYZER_NONNULL = YES;
				CLANG_ANALYZER_NUMBER_OBJECT_CONVERSION = YES_AGGRESSIVE;
				CLANG_CXX_LANGUAGE_STANDARD = "gnu++14";
				CLANG_CXX_LIBRARY = "libc++";
				CLANG_ENABLE_MODULES = YES;
				CLANG_ENABLE_OBJC_ARC = YES;
				CLANG_ENABLE_OBJC_WEAK = YES;
				CLANG_WARN_BLOCK_CAPTURE_AUTORELEASING = YES;
				CLANG_WARN_BOOL_CONVERSION = YES;
				CLANG_WARN_COMMA = YES;
				CLANG_WARN_CONSTANT_CONVERSION = YES;
				CLANG_WARN_DEPRECATED_OBJC_IMPLEMENTATIONS = YES;
				CLANG_WARN_DIRECT_OBJC_ISA_USAGE = YES_ERROR;
				CLANG_WARN_DOCUMENTATION_COMMENTS = YES;
				CLANG_WARN_EMPTY_BODY = YES;
				CLANG_WARN_ENUM_CONVERSION = YES;
				CLANG_WARN_INFINITE_RECURSION = YES;
				CLANG_WARN_INT_CONVERSION = YES;
				CLANG_WARN_NON_LITERAL_NULL_CONVERSION = YES;
				CLANG_WARN_OBJC_IMPLICIT_RETAIN_SELF = YES;
				CLANG_WARN_OBJC_LITERAL_CONVERSION = YES;
				CLANG_WARN_OBJC_ROOT_CLASS = YES_ERROR;
				CLANG_WARN_RANGE_LOOP_ANALYSIS = YES;
				CLANG_WARN_STRICT_PROTOTYPES = YES;
				CLANG_WARN_SUSPICIOUS_MOVE = YES;
				CLANG_WARN_UNGUARDED_AVAILABILITY = YES_AGGRESSIVE;
				CLANG_WARN_UNREACHABLE_CODE = YES;
				CLANG_WARN__DUPLICATE_METHOD_MATCH = YES;
				CODE_SIGN_IDENTITY = "iPhone Developer";
				COPY_PHASE_STRIP = NO;
				DEBUG_INFORMATION_FORMAT = dwarf;
				ENABLE_STRICT_OBJC_MSGSEND = YES;
				ENABLE_TESTABILITY = YES;
				GCC_C_LANGUAGE_STANDARD = gnu11;
				GCC_DYNAMIC_NO_PIC = NO;
				GCC_NO_COMMON_BLOCKS = YES;
				GCC_OPTIMIZATION_LEVEL = 0;
				GCC_PREPROCESSOR_DEFINITIONS = (
					"DEBUG=1",
					"$(inherited)",
				);
				GCC_WARN_64_TO_32_BIT_CONVERSION = YES;
				GCC_WARN_ABOUT_RETURN_TYPE = YES_ERROR;
				GCC_WARN_UNDECLARED_SELECTOR = YES;
				GCC_WARN_UNINITIALIZED_AUTOS = YES_AGGRESSIVE;
				GCC_WARN_UNUSED_FUNCTION = YES;
				GCC_WARN_UNUSED_VARIABLE = YES;
				IPHONEOS_DEPLOYMENT_TARGET = 12.4;
				MTL_ENABLE_DEBUG_INFO = INCLUDE_SOURCE;
				MTL_FAST_MATH = YES;
				ONLY_ACTIVE_ARCH = YES;
				SDKROOT = iphoneos;
				SWIFT_ACTIVE_COMPILATION_CONDITIONS = DEBUG;
				SWIFT_OPTIMIZATION_LEVEL = "-Onone";
			};
			name = Debug;
		};
		AEABA0452418116600733848 /* Release */ = {
			isa = XCBuildConfiguration;
			buildSettings = {
				ALWAYS_SEARCH_USER_PATHS = NO;
				CLANG_ANALYZER_NONNULL = YES;
				CLANG_ANALYZER_NUMBER_OBJECT_CONVERSION = YES_AGGRESSIVE;
				CLANG_CXX_LANGUAGE_STANDARD = "gnu++14";
				CLANG_CXX_LIBRARY = "libc++";
				CLANG_ENABLE_MODULES = YES;
				CLANG_ENABLE_OBJC_ARC = YES;
				CLANG_ENABLE_OBJC_WEAK = YES;
				CLANG_WARN_BLOCK_CAPTURE_AUTORELEASING = YES;
				CLANG_WARN_BOOL_CONVERSION = YES;
				CLANG_WARN_COMMA = YES;
				CLANG_WARN_CONSTANT_CONVERSION = YES;
				CLANG_WARN_DEPRECATED_OBJC_IMPLEMENTATIONS = YES;
				CLANG_WARN_DIRECT_OBJC_ISA_USAGE = YES_ERROR;
				CLANG_WARN_DOCUMENTATION_COMMENTS = YES;
				CLANG_WARN_EMPTY_BODY = YES;
				CLANG_WARN_ENUM_CONVERSION = YES;
				CLANG_WARN_INFINITE_RECURSION = YES;
				CLANG_WARN_INT_CONVERSION = YES;
				CLANG_WARN_NON_LITERAL_NULL_CONVERSION = YES;
				CLANG_WARN_OBJC_IMPLICIT_RETAIN_SELF = YES;
				CLANG_WARN_OBJC_LITERAL_CONVERSION = YES;
				CLANG_WARN_OBJC_ROOT_CLASS = YES_ERROR;
				CLANG_WARN_RANGE_LOOP_ANALYSIS = YES;
				CLANG_WARN_STRICT_PROTOTYPES = YES;
				CLANG_WARN_SUSPICIOUS_MOVE = YES;
				CLANG_WARN_UNGUARDED_AVAILABILITY = YES_AGGRESSIVE;
				CLANG_WARN_UNREACHABLE_CODE = YES;
				CLANG_WARN__DUPLICATE_METHOD_MATCH = YES;
				CODE_SIGN_IDENTITY = "iPhone Developer";
				COPY_PHASE_STRIP = NO;
				DEBUG_INFORMATION_FORMAT = "dwarf-with-dsym";
				ENABLE_NS_ASSERTIONS = NO;
				ENABLE_STRICT_OBJC_MSGSEND = YES;
				GCC_C_LANGUAGE_STANDARD = gnu11;
				GCC_NO_COMMON_BLOCKS = YES;
				GCC_WARN_64_TO_32_BIT_CONVERSION = YES;
				GCC_WARN_ABOUT_RETURN_TYPE = YES_ERROR;
				GCC_WARN_UNDECLARED_SELECTOR = YES;
				GCC_WARN_UNINITIALIZED_AUTOS = YES_AGGRESSIVE;
				GCC_WARN_UNUSED_FUNCTION = YES;
				GCC_WARN_UNUSED_VARIABLE = YES;
				IPHONEOS_DEPLOYMENT_TARGET = 12.4;
				MTL_ENABLE_DEBUG_INFO = NO;
				MTL_FAST_MATH = YES;
				SDKROOT = iphoneos;
				SWIFT_COMPILATION_MODE = wholemodule;
				SWIFT_OPTIMIZATION_LEVEL = "-O";
				VALIDATE_PRODUCT = YES;
			};
			name = Release;
		};
		AEABA0472418116600733848 /* Debug */ = {
			isa = XCBuildConfiguration;
			buildSettings = {
				ASSETCATALOG_COMPILER_APPICON_NAME = AppIcon;
				CODE_SIGN_STYLE = Automatic;
				INFOPLIST_FILE = PetAssist/Info.plist;
				LD_RUNPATH_SEARCH_PATHS = (
					"$(inherited)",
					"@executable_path/Frameworks",
				);
				PRODUCT_BUNDLE_IDENTIFIER = "Taran-Yu.PetAssist";
				PRODUCT_NAME = "$(TARGET_NAME)";
				SWIFT_VERSION = 5.0;
				TARGETED_DEVICE_FAMILY = "1,2";
			};
			name = Debug;
		};
		AEABA0482418116600733848 /* Release */ = {
			isa = XCBuildConfiguration;
			buildSettings = {
				ASSETCATALOG_COMPILER_APPICON_NAME = AppIcon;
				CODE_SIGN_STYLE = Automatic;
				INFOPLIST_FILE = PetAssist/Info.plist;
				LD_RUNPATH_SEARCH_PATHS = (
					"$(inherited)",
					"@executable_path/Frameworks",
				);
				PRODUCT_BUNDLE_IDENTIFIER = "Taran-Yu.PetAssist";
				PRODUCT_NAME = "$(TARGET_NAME)";
				SWIFT_VERSION = 5.0;
				TARGETED_DEVICE_FAMILY = "1,2";
			};
			name = Release;
		};
/* End XCBuildConfiguration section */

/* Begin XCConfigurationList section */
		AEABA02F2418116200733848 /* Build configuration list for PBXProject "PetAssist" */ = {
			isa = XCConfigurationList;
			buildConfigurations = (
				AEABA0442418116600733848 /* Debug */,
				AEABA0452418116600733848 /* Release */,
			);
			defaultConfigurationIsVisible = 0;
			defaultConfigurationName = Release;
		};
		AEABA0462418116600733848 /* Build configuration list for PBXNativeTarget "PetAssist" */ = {
			isa = XCConfigurationList;
			buildConfigurations = (
				AEABA0472418116600733848 /* Debug */,
				AEABA0482418116600733848 /* Release */,
			);
			defaultConfigurationIsVisible = 0;
			defaultConfigurationName = Release;
		};
/* End XCConfigurationList section */
	};
	rootObject = AEABA02C2418116200733848 /* Project object */;
}
